# THIS IS AN AUTOGENERATED FILE. DO NOT EDIT THIS FILE DIRECTLY.
# yarn lockfile v1


"@jetbrains/kotlin-extensions@^1.0.0-pre.20":
  version "1.0.0-pre.20"
  resolved "https://registry.npmjs.org/@jetbrains/kotlin-extensions/-/kotlin-extensions-1.0.0-pre.20.tgz#2fcfc7dfcb8af68ed2788e83f09798170cc6a44c"
  dependencies:
    core-js "2.4.1"

"@jetbrains/kotlin-react-dom@^16.2.0-pre.20":
  version "16.2.0-pre.20"
  resolved "https://registry.npmjs.org/@jetbrains/kotlin-react-dom/-/kotlin-react-dom-16.2.0-pre.20.tgz#71534b815bf54fd7ed7b6949a17b28b1bbaef8f6"

"@jetbrains/kotlin-react@^16.2.0-pre.20":
  version "16.2.0-pre.20"
  resolved "https://registry.npmjs.org/@jetbrains/kotlin-react/-/kotlin-react-16.2.0-pre.20.tgz#0bf2ee5d54607bb206233d62ee06c79ac53279a4"

core-js@2.4.1:
  version "2.4.1"
  resolved "https://registry.npmjs.org/core-js/-/core-js-2.4.1.tgz#4de911e667b0eae9124e34254b53aea6fc618d3e"
